# This file was autogenerated by uv via the following command:
#    uv pip compile --all-extras --output-file uv.lock pyproject.toml
annotated-types==0.7.0
    # via pydantic
certifi==2025.7.9
    # via requests
charset-normalizer==3.4.2
    # via requests
dateparser==1.2.1
    # via
    #   keboola-wr-writer (pyproject.toml)
    #   keboola-utils
deprecated==1.2.18
    # via keboola-component
freezegun==1.5.1
    # via keboola-wr-writer (pyproject.toml)
idna==3.10
    # via requests
iniconfig==2.1.0
    # via pytest
keboola-component==1.6.10
    # via keboola-wr-writer (pyproject.toml)
keboola-http-client==1.0.1
    # via keboola-wr-writer (pyproject.toml)
keboola-utils==1.1.0
    # via keboola-wr-writer (pyproject.toml)
lxml==6.0.0
    # via webdavclient3
mock==5.2.0
    # via keboola-wr-writer (pyproject.toml)
packaging==25.0
    # via pytest
pluggy==1.6.0
    # via pytest
pydantic==2.11.4
    # via keboola-wr-writer (pyproject.toml)
pydantic-core==2.33.2
    # via pydantic
pygelf==0.4.3
    # via keboola-component
pygments==2.19.2
    # via pytest
pytest==8.4.1
    # via keboola-wr-writer (pyproject.toml)
python-dateutil==2.9.0.post0
    # via
    #   dateparser
    #   freezegun
    #   webdavclient3
pytz==2025.2
    # via
    #   keboola-wr-writer (pyproject.toml)
    #   dateparser
    #   keboola-component
    #   keboola-utils
regex==2024.11.6
    # via dateparser
requests==2.32.4
    # via
    #   keboola-http-client
    #   webdavclient3
ruff==0.12.2
    # via keboola-wr-writer (pyproject.toml)
six==1.17.0
    # via python-dateutil
typing-extensions==4.14.1
    # via
    #   pydantic
    #   pydantic-core
    #   typing-inspection
typing-inspection==0.4.1
    # via pydantic
tzlocal==5.3.1
    # via dateparser
urllib3==2.5.0
    # via requests
webdavclient3==3.14.6
    # via keboola-wr-writer (pyproject.toml)
wrapt==1.17.2
    # via deprecated
